
Microsoft Visual Studio Solution File, Format Version 12.00
Project("{FAE04EC0-301F-11D3-BF4B-00C04F79EFBC}") = "Vakor.MiniMaxAlgorithm", "Vakor.MiniMaxAlgorithm.csproj", "{9EE0F567-0D4F-4F77-9DE7-1E865EF3DD95}"
EndProject
Global
	GlobalSection(SolutionConfigurationPlatforms) = preSolution
		Debug|Any CPU = Debug|Any CPU
		Release|Any CPU = Release|Any CPU
	EndGlobalSection
	GlobalSection(ProjectConfigurationPlatforms) = postSolution
		{9EE0F567-0D4F-4F77-9DE7-1E865EF3DD95}.Debug|Any CPU.ActiveCfg = Debug|Any CPU
		{9EE0F567-0D4F-4F77-9DE7-1E865EF3DD95}.Debug|Any CPU.Build.0 = Debug|Any CPU
		{9EE0F567-0D4F-4F77-9DE7-1E865EF3DD95}.Release|Any CPU.ActiveCfg = Release|Any CPU
		{9EE0F567-0D4F-4F77-9DE7-1E865EF3DD95}.Release|Any CPU.Build.0 = Release|Any CPU
	EndGlobalSection
EndGlobal
